
Microsoft Visual Studio Solution File, Format Version 12.00
Project("{2150E333-8FDC-42A3-9474-1A3956D46DE8}") = "Source", "Source", "{9B17BAB5-45F4-48EA-939B-469FCF6BB182}"
EndProject
Project("{FAE04EC0-301F-11D3-BF4B-00C04F79EFBC}") = "BeanLog.Web", "Source\BeanLog.Web\BeanLog.Web.csproj", "{1AF85E34-F745-4A65-A793-32D4DB04CF33}"
EndProject
Project("{FAE04EC0-301F-11D3-BF4B-00C04F79EFBC}") = "BeanLog.Spa", "Source\BeanLog.Spa\BeanLog.Spa.csproj", "{FEE62C01-7C06-493F-AEBD-34EC451BE69F}"
EndProject
Project("{2150E333-8FDC-42A3-9474-1A3956D46DE8}") = "Contexts", "Contexts", "{C0959C90-28ED-4E94-99E3-CF1E5840CD06}"
EndProject
Project("{2150E333-8FDC-42A3-9474-1A3956D46DE8}") = "Shared", "Shared", "{496F4D37-90B7-4FE8-9A1E-FDE0F6626160}"
EndProject
Project("{FAE04EC0-301F-11D3-BF4B-00C04F79EFBC}") = "Shared.Web", "Source\Shared\Shared.Web\Shared.Web.csproj", "{C55D7F7F-1C56-47E6-8090-BC3A86494980}"
EndProject
Project("{FAE04EC0-301F-11D3-BF4B-00C04F79EFBC}") = "Shared.Infrastructure", "Source\Shared\Shared.Infrastructure\Shared.Infrastructure.csproj", "{778EA35E-BB8C-4B2A-A22F-CCC5318890A3}"
EndProject
Project("{2150E333-8FDC-42A3-9474-1A3956D46DE8}") = "Log", "Log", "{CA266AC8-2708-466B-8242-D3D6AF3883BD}"
EndProject
Project("{FAE04EC0-301F-11D3-BF4B-00C04F79EFBC}") = "Shared.Web.Models", "Source\Shared\Shared.Web.Models\Shared.Web.Models.csproj", "{5C577BBB-61E8-4B92-91B2-93AAFF860A1B}"
EndProject
Global
	GlobalSection(SolutionConfigurationPlatforms) = preSolution
		Debug|Any CPU = Debug|Any CPU
		Release|Any CPU = Release|Any CPU
	EndGlobalSection
	GlobalSection(NestedProjects) = preSolution
		{1AF85E34-F745-4A65-A793-32D4DB04CF33} = {9B17BAB5-45F4-48EA-939B-469FCF6BB182}
		{FEE62C01-7C06-493F-AEBD-34EC451BE69F} = {9B17BAB5-45F4-48EA-939B-469FCF6BB182}
		{C0959C90-28ED-4E94-99E3-CF1E5840CD06} = {9B17BAB5-45F4-48EA-939B-469FCF6BB182}
		{496F4D37-90B7-4FE8-9A1E-FDE0F6626160} = {9B17BAB5-45F4-48EA-939B-469FCF6BB182}
		{C55D7F7F-1C56-47E6-8090-BC3A86494980} = {496F4D37-90B7-4FE8-9A1E-FDE0F6626160}
		{778EA35E-BB8C-4B2A-A22F-CCC5318890A3} = {496F4D37-90B7-4FE8-9A1E-FDE0F6626160}
		{CA266AC8-2708-466B-8242-D3D6AF3883BD} = {C0959C90-28ED-4E94-99E3-CF1E5840CD06}
		{5C577BBB-61E8-4B92-91B2-93AAFF860A1B} = {496F4D37-90B7-4FE8-9A1E-FDE0F6626160}
	EndGlobalSection
	GlobalSection(ProjectConfigurationPlatforms) = postSolution
		{1AF85E34-F745-4A65-A793-32D4DB04CF33}.Debug|Any CPU.ActiveCfg = Debug|Any CPU
		{1AF85E34-F745-4A65-A793-32D4DB04CF33}.Debug|Any CPU.Build.0 = Debug|Any CPU
		{1AF85E34-F745-4A65-A793-32D4DB04CF33}.Debug|Any CPU.Deploy.0 = Debug|Any CPU
		{1AF85E34-F745-4A65-A793-32D4DB04CF33}.Release|Any CPU.ActiveCfg = Release|Any CPU
		{1AF85E34-F745-4A65-A793-32D4DB04CF33}.Release|Any CPU.Build.0 = Release|Any CPU
		{1AF85E34-F745-4A65-A793-32D4DB04CF33}.Release|Any CPU.Deploy.0 = Release|Any CPU
		{FEE62C01-7C06-493F-AEBD-34EC451BE69F}.Debug|Any CPU.ActiveCfg = Debug|Any CPU
		{FEE62C01-7C06-493F-AEBD-34EC451BE69F}.Debug|Any CPU.Build.0 = Debug|Any CPU
		{FEE62C01-7C06-493F-AEBD-34EC451BE69F}.Release|Any CPU.ActiveCfg = Release|Any CPU
		{FEE62C01-7C06-493F-AEBD-34EC451BE69F}.Release|Any CPU.Build.0 = Release|Any CPU
		{C55D7F7F-1C56-47E6-8090-BC3A86494980}.Debug|Any CPU.ActiveCfg = Debug|Any CPU
		{C55D7F7F-1C56-47E6-8090-BC3A86494980}.Debug|Any CPU.Build.0 = Debug|Any CPU
		{C55D7F7F-1C56-47E6-8090-BC3A86494980}.Release|Any CPU.ActiveCfg = Release|Any CPU
		{C55D7F7F-1C56-47E6-8090-BC3A86494980}.Release|Any CPU.Build.0 = Release|Any CPU
		{778EA35E-BB8C-4B2A-A22F-CCC5318890A3}.Debug|Any CPU.ActiveCfg = Debug|Any CPU
		{778EA35E-BB8C-4B2A-A22F-CCC5318890A3}.Debug|Any CPU.Build.0 = Debug|Any CPU
		{778EA35E-BB8C-4B2A-A22F-CCC5318890A3}.Release|Any CPU.ActiveCfg = Release|Any CPU
		{778EA35E-BB8C-4B2A-A22F-CCC5318890A3}.Release|Any CPU.Build.0 = Release|Any CPU
		{5C577BBB-61E8-4B92-91B2-93AAFF860A1B}.Debug|Any CPU.ActiveCfg = Debug|Any CPU
		{5C577BBB-61E8-4B92-91B2-93AAFF860A1B}.Debug|Any CPU.Build.0 = Debug|Any CPU
		{5C577BBB-61E8-4B92-91B2-93AAFF860A1B}.Release|Any CPU.ActiveCfg = Release|Any CPU
		{5C577BBB-61E8-4B92-91B2-93AAFF860A1B}.Release|Any CPU.Build.0 = Release|Any CPU
	EndGlobalSection
EndGlobal
