
Microsoft Visual Studio Solution File, Format Version 12.00
Project("{2150E333-8FDC-42A3-9474-1A3956D46DE8}") = "Source", "Source", "{9B17BAB5-45F4-48EA-939B-469FCF6BB182}"
EndProject
Project("{FAE04EC0-301F-11D3-BF4B-00C04F79EFBC}") = "BeanLog.Web", "Source\BeanLog.Web\BeanLog.Web.csproj", "{1AF85E34-F745-4A65-A793-32D4DB04CF33}"
EndProject
Project("{FAE04EC0-301F-11D3-BF4B-00C04F79EFBC}") = "BeanLog.Spa", "Source\BeanLog.Spa\BeanLog.Spa.csproj", "{FEE62C01-7C06-493F-AEBD-34EC451BE69F}"
EndProject
Project("{2150E333-8FDC-42A3-9474-1A3956D46DE8}") = "Modules", "Modules", "{AFC62CF5-E5C0-430B-93DA-F395F0C19C45}"
EndProject
Project("{2150E333-8FDC-42A3-9474-1A3956D46DE8}") = "Core", "Core", "{94C8CABC-48C6-4CD5-88A7-B640779894C7}"
EndProject
Project("{FAE04EC0-301F-11D3-BF4B-00C04F79EFBC}") = "Modules.Core.Application", "Source\Modules\Core\Modules.Core.Application\Modules.Core.Application.csproj", "{7A475AF0-5F16-434D-8B19-515357918BE9}"
EndProject
Project("{FAE04EC0-301F-11D3-BF4B-00C04F79EFBC}") = "Modules.Core.Infrastructure", "Source\Modules\Core\Modules.Core.Infrastructure\Modules.Core.Infrastructure.csproj", "{AE9AACF5-3473-4808-A610-9EB7BA3B10D0}"
EndProject
Project("{FAE04EC0-301F-11D3-BF4B-00C04F79EFBC}") = "Modules.Core.Web", "Source\Modules\Core\Modules.Core.Web\Modules.Core.Web.csproj", "{EE826074-0AF6-4C9D-B955-21F76918F899}"
EndProject
Project("{FAE04EC0-301F-11D3-BF4B-00C04F79EFBC}") = "Modules.Core.Domain", "Source\Modules\Core\Modules.Core.Domain\Modules.Core.Domain.csproj", "{7E61612A-DAC7-4EA7-82F6-39BB334A3CDD}"
EndProject
Project("{2150E333-8FDC-42A3-9474-1A3956D46DE8}") = "Identity", "Identity", "{E2C909CA-E564-4AAA-88B4-3EB5C0B238FE}"
EndProject
Project("{FAE04EC0-301F-11D3-BF4B-00C04F79EFBC}") = "Modules.Identity.Application", "Source\Modules\Identity\Modules.Identity.Application\Modules.Identity.Application.csproj", "{3CCFAF0F-46F7-4EA8-B8E9-0A4F7A5FC557}"
EndProject
Project("{FAE04EC0-301F-11D3-BF4B-00C04F79EFBC}") = "Modules.Identity.Domain", "Source\Modules\Identity\Modules.Identity.Domain\Modules.Identity.Domain.csproj", "{FC8E339B-FD9A-4936-BDC4-84A092743F34}"
EndProject
Project("{FAE04EC0-301F-11D3-BF4B-00C04F79EFBC}") = "Modules.Identity.Infrastructure", "Source\Modules\Identity\Modules.Identity.Infrastructure\Modules.Identity.Infrastructure.csproj", "{BB6B8316-3C72-4097-BA27-990B53C46A1F}"
EndProject
Project("{FAE04EC0-301F-11D3-BF4B-00C04F79EFBC}") = "Modules.Identity.Web", "Source\Modules\Identity\Modules.Identity.Web\Modules.Identity.Web.csproj", "{386D8F60-6C63-4FE5-93FB-51C74CFE8701}"
EndProject
Project("{FAE04EC0-301F-11D3-BF4B-00C04F79EFBC}") = "Modules.Identity.Web.Models", "Source\Modules\Identity\Modules.Identity.Web.Models\Modules.Identity.Web.Models.csproj", "{ED47E5F7-C691-4616-9C53-FB44710EFF2C}"
EndProject
Global
	GlobalSection(SolutionConfigurationPlatforms) = preSolution
		Debug|Any CPU = Debug|Any CPU
		Release|Any CPU = Release|Any CPU
	EndGlobalSection
	GlobalSection(NestedProjects) = preSolution
		{1AF85E34-F745-4A65-A793-32D4DB04CF33} = {9B17BAB5-45F4-48EA-939B-469FCF6BB182}
		{FEE62C01-7C06-493F-AEBD-34EC451BE69F} = {9B17BAB5-45F4-48EA-939B-469FCF6BB182}
		{AFC62CF5-E5C0-430B-93DA-F395F0C19C45} = {9B17BAB5-45F4-48EA-939B-469FCF6BB182}
		{94C8CABC-48C6-4CD5-88A7-B640779894C7} = {AFC62CF5-E5C0-430B-93DA-F395F0C19C45}
		{7A475AF0-5F16-434D-8B19-515357918BE9} = {94C8CABC-48C6-4CD5-88A7-B640779894C7}
		{AE9AACF5-3473-4808-A610-9EB7BA3B10D0} = {94C8CABC-48C6-4CD5-88A7-B640779894C7}
		{EE826074-0AF6-4C9D-B955-21F76918F899} = {94C8CABC-48C6-4CD5-88A7-B640779894C7}
		{7E61612A-DAC7-4EA7-82F6-39BB334A3CDD} = {94C8CABC-48C6-4CD5-88A7-B640779894C7}
		{E2C909CA-E564-4AAA-88B4-3EB5C0B238FE} = {AFC62CF5-E5C0-430B-93DA-F395F0C19C45}
		{3CCFAF0F-46F7-4EA8-B8E9-0A4F7A5FC557} = {E2C909CA-E564-4AAA-88B4-3EB5C0B238FE}
		{FC8E339B-FD9A-4936-BDC4-84A092743F34} = {E2C909CA-E564-4AAA-88B4-3EB5C0B238FE}
		{BB6B8316-3C72-4097-BA27-990B53C46A1F} = {E2C909CA-E564-4AAA-88B4-3EB5C0B238FE}
		{386D8F60-6C63-4FE5-93FB-51C74CFE8701} = {E2C909CA-E564-4AAA-88B4-3EB5C0B238FE}
		{ED47E5F7-C691-4616-9C53-FB44710EFF2C} = {E2C909CA-E564-4AAA-88B4-3EB5C0B238FE}
	EndGlobalSection
	GlobalSection(ProjectConfigurationPlatforms) = postSolution
		{1AF85E34-F745-4A65-A793-32D4DB04CF33}.Debug|Any CPU.ActiveCfg = Debug|Any CPU
		{1AF85E34-F745-4A65-A793-32D4DB04CF33}.Debug|Any CPU.Build.0 = Debug|Any CPU
		{1AF85E34-F745-4A65-A793-32D4DB04CF33}.Debug|Any CPU.Deploy.0 = Debug|Any CPU
		{1AF85E34-F745-4A65-A793-32D4DB04CF33}.Release|Any CPU.ActiveCfg = Release|Any CPU
		{1AF85E34-F745-4A65-A793-32D4DB04CF33}.Release|Any CPU.Build.0 = Release|Any CPU
		{1AF85E34-F745-4A65-A793-32D4DB04CF33}.Release|Any CPU.Deploy.0 = Release|Any CPU
		{FEE62C01-7C06-493F-AEBD-34EC451BE69F}.Debug|Any CPU.ActiveCfg = Debug|Any CPU
		{FEE62C01-7C06-493F-AEBD-34EC451BE69F}.Debug|Any CPU.Build.0 = Debug|Any CPU
		{FEE62C01-7C06-493F-AEBD-34EC451BE69F}.Release|Any CPU.ActiveCfg = Release|Any CPU
		{FEE62C01-7C06-493F-AEBD-34EC451BE69F}.Release|Any CPU.Build.0 = Release|Any CPU
		{7A475AF0-5F16-434D-8B19-515357918BE9}.Debug|Any CPU.ActiveCfg = Debug|Any CPU
		{7A475AF0-5F16-434D-8B19-515357918BE9}.Debug|Any CPU.Build.0 = Debug|Any CPU
		{7A475AF0-5F16-434D-8B19-515357918BE9}.Release|Any CPU.ActiveCfg = Release|Any CPU
		{7A475AF0-5F16-434D-8B19-515357918BE9}.Release|Any CPU.Build.0 = Release|Any CPU
		{AE9AACF5-3473-4808-A610-9EB7BA3B10D0}.Debug|Any CPU.ActiveCfg = Debug|Any CPU
		{AE9AACF5-3473-4808-A610-9EB7BA3B10D0}.Debug|Any CPU.Build.0 = Debug|Any CPU
		{AE9AACF5-3473-4808-A610-9EB7BA3B10D0}.Release|Any CPU.ActiveCfg = Release|Any CPU
		{AE9AACF5-3473-4808-A610-9EB7BA3B10D0}.Release|Any CPU.Build.0 = Release|Any CPU
		{EE826074-0AF6-4C9D-B955-21F76918F899}.Debug|Any CPU.ActiveCfg = Debug|Any CPU
		{EE826074-0AF6-4C9D-B955-21F76918F899}.Debug|Any CPU.Build.0 = Debug|Any CPU
		{EE826074-0AF6-4C9D-B955-21F76918F899}.Release|Any CPU.ActiveCfg = Release|Any CPU
		{EE826074-0AF6-4C9D-B955-21F76918F899}.Release|Any CPU.Build.0 = Release|Any CPU
		{7E61612A-DAC7-4EA7-82F6-39BB334A3CDD}.Debug|Any CPU.ActiveCfg = Debug|Any CPU
		{7E61612A-DAC7-4EA7-82F6-39BB334A3CDD}.Debug|Any CPU.Build.0 = Debug|Any CPU
		{7E61612A-DAC7-4EA7-82F6-39BB334A3CDD}.Release|Any CPU.ActiveCfg = Release|Any CPU
		{7E61612A-DAC7-4EA7-82F6-39BB334A3CDD}.Release|Any CPU.Build.0 = Release|Any CPU
		{3CCFAF0F-46F7-4EA8-B8E9-0A4F7A5FC557}.Debug|Any CPU.ActiveCfg = Debug|Any CPU
		{3CCFAF0F-46F7-4EA8-B8E9-0A4F7A5FC557}.Debug|Any CPU.Build.0 = Debug|Any CPU
		{3CCFAF0F-46F7-4EA8-B8E9-0A4F7A5FC557}.Release|Any CPU.ActiveCfg = Release|Any CPU
		{3CCFAF0F-46F7-4EA8-B8E9-0A4F7A5FC557}.Release|Any CPU.Build.0 = Release|Any CPU
		{FC8E339B-FD9A-4936-BDC4-84A092743F34}.Debug|Any CPU.ActiveCfg = Debug|Any CPU
		{FC8E339B-FD9A-4936-BDC4-84A092743F34}.Debug|Any CPU.Build.0 = Debug|Any CPU
		{FC8E339B-FD9A-4936-BDC4-84A092743F34}.Release|Any CPU.ActiveCfg = Release|Any CPU
		{FC8E339B-FD9A-4936-BDC4-84A092743F34}.Release|Any CPU.Build.0 = Release|Any CPU
		{BB6B8316-3C72-4097-BA27-990B53C46A1F}.Debug|Any CPU.ActiveCfg = Debug|Any CPU
		{BB6B8316-3C72-4097-BA27-990B53C46A1F}.Debug|Any CPU.Build.0 = Debug|Any CPU
		{BB6B8316-3C72-4097-BA27-990B53C46A1F}.Release|Any CPU.ActiveCfg = Release|Any CPU
		{BB6B8316-3C72-4097-BA27-990B53C46A1F}.Release|Any CPU.Build.0 = Release|Any CPU
		{386D8F60-6C63-4FE5-93FB-51C74CFE8701}.Debug|Any CPU.ActiveCfg = Debug|Any CPU
		{386D8F60-6C63-4FE5-93FB-51C74CFE8701}.Debug|Any CPU.Build.0 = Debug|Any CPU
		{386D8F60-6C63-4FE5-93FB-51C74CFE8701}.Release|Any CPU.ActiveCfg = Release|Any CPU
		{386D8F60-6C63-4FE5-93FB-51C74CFE8701}.Release|Any CPU.Build.0 = Release|Any CPU
		{ED47E5F7-C691-4616-9C53-FB44710EFF2C}.Debug|Any CPU.ActiveCfg = Debug|Any CPU
		{ED47E5F7-C691-4616-9C53-FB44710EFF2C}.Debug|Any CPU.Build.0 = Debug|Any CPU
		{ED47E5F7-C691-4616-9C53-FB44710EFF2C}.Release|Any CPU.ActiveCfg = Release|Any CPU
		{ED47E5F7-C691-4616-9C53-FB44710EFF2C}.Release|Any CPU.Build.0 = Release|Any CPU
	EndGlobalSection
EndGlobal
